PODS:
  - CoconutKit (3.2.3):
    - CoconutKit/zeroing-weak-ref (= 3.2.3)
  - CoconutKit/zeroing-weak-ref (3.2.3)
  - NoticeView (3.0.7)

DEPENDENCIES:
  - CoconutKit (= 3.2.3)
  - NoticeView (= 3.0.7)

SPEC CHECKSUMS:
  CoconutKit: 47f102a2fc729ab100819ac1173011c236045e8e
  NoticeView: 20178f60a5ab0b7fc496a2da6518df72bf14c0b0

COCOAPODS: 0.39.0
