// !$*UTF8*$!
{
	archiveVersion = 1;
	classes = {
	};
	objectVersion = 46;
	objects = {

/* Begin PBXBuildFile section */
		A92B32A118AAD3A9008B12D5 /* Foundation.framework in Frameworks */ = {isa = PBXBuildFile; fileRef = A92B32A018AAD3A9008B12D5 /* Foundation.framework */; };
		A92B32A318AAD3A9008B12D5 /* CoreGraphics.framework in Frameworks */ = {isa = PBXBuildFile; fileRef = A92B32A218AAD3A9008B12D5 /* CoreGraphics.framework */; };
		A92B32A518AAD3A9008B12D5 /* UIKit.framework in Frameworks */ = {isa = PBXBuildFile; fileRef = A92B32A418AAD3A9008B12D5 /* UIKit.framework */; };
		A92B32AB18AAD3A9008B12D5 /* InfoPlist.strings in Resources */ = {isa = PBXBuildFile; fileRef = A92B32A918AAD3A9008B12D5 /* InfoPlist.strings */; };
		A92B32AD18AAD3A9008B12D5 /* main.m in Sources */ = {isa = PBXBuildFile; fileRef = A92B32AC18AAD3A9008B12D5 /* main.m */; };
		A92B32B118AAD3A9008B12D5 /* AppDelegate.m in Sources */ = {isa = PBXBuildFile; fileRef = A92B32B018AAD3A9008B12D5 /* AppDelegate.m */; };
		A92B32B418AAD3A9008B12D5 /* Main.storyboard in Resources */ = {isa = PBXBuildFile; fileRef = A92B32B218AAD3A9008B12D5 /* Main.storyboard */; };
		A92B32B718AAD3A9008B12D5 /* ViewController.m in Sources */ = {isa = PBXBuildFile; fileRef = A92B32B618AAD3A9008B12D5 /* ViewController.m */; };
		A92B32B918AAD3A9008B12D5 /* Images.xcassets in Resources */ = {isa = PBXBuildFile; fileRef = A92B32B818AAD3A9008B12D5 /* Images.xcassets */; };
		A92B32C018AAD3A9008B12D5 /* XCTest.framework in Frameworks */ = {isa = PBXBuildFile; fileRef = A92B32BF18AAD3A9008B12D5 /* XCTest.framework */; };
		A92B32C118AAD3A9008B12D5 /* Foundation.framework in Frameworks */ = {isa = PBXBuildFile; fileRef = A92B32A018AAD3A9008B12D5 /* Foundation.framework */; };
		A92B32C218AAD3A9008B12D5 /* UIKit.framework in Frameworks */ = {isa = PBXBuildFile; fileRef = A92B32A418AAD3A9008B12D5 /* UIKit.framework */; };
		A92B32CA18AAD3A9008B12D5 /* InfoPlist.strings in Resources */ = {isa = PBXBuildFile; fileRef = A92B32C818AAD3A9008B12D5 /* InfoPlist.strings */; };
		A92B32CC18AAD3A9008B12D5 /* theotherhalfTests.m in Sources */ = {isa = PBXBuildFile; fileRef = A92B32CB18AAD3A9008B12D5 /* theotherhalfTests.m */; };
		A92B32D818AADCCF008B12D5 /* LanguageViewController.m in Sources */ = {isa = PBXBuildFile; fileRef = A92B32D618AADCCF008B12D5 /* LanguageViewController.m */; };
		A92B32D918AADCCF008B12D5 /* LanguageViewController.m in Sources */ = {isa = PBXBuildFile; fileRef = A92B32D618AADCCF008B12D5 /* LanguageViewController.m */; };
		A92B32DA18AADCCF008B12D5 /* LanguageViewController.xib in Resources */ = {isa = PBXBuildFile; fileRef = A92B32D718AADCCF008B12D5 /* LanguageViewController.xib */; };
		A92B32DB18AADCCF008B12D5 /* LanguageViewController.xib in Resources */ = {isa = PBXBuildFile; fileRef = A92B32D718AADCCF008B12D5 /* LanguageViewController.xib */; };
		A92B32DF18AADE7E008B12D5 /* SharingViewController.m in Sources */ = {isa = PBXBuildFile; fileRef = A92B32DD18AADE7E008B12D5 /* SharingViewController.m */; };
		A92B32E018AADE7E008B12D5 /* SharingViewController.m in Sources */ = {isa = PBXBuildFile; fileRef = A92B32DD18AADE7E008B12D5 /* SharingViewController.m */; };
		A92B32E118AADE7E008B12D5 /* SharingViewController.xib in Resources */ = {isa = PBXBuildFile; fileRef = A92B32DE18AADE7E008B12D5 /* SharingViewController.xib */; };
		A92B32E218AADE7E008B12D5 /* SharingViewController.xib in Resources */ = {isa = PBXBuildFile; fileRef = A92B32DE18AADE7E008B12D5 /* SharingViewController.xib */; };
		A92B32E618AADE8D008B12D5 /* EditionViewController.m in Sources */ = {isa = PBXBuildFile; fileRef = A92B32E418AADE8D008B12D5 /* EditionViewController.m */; };
		A92B32E718AADE8D008B12D5 /* EditionViewController.m in Sources */ = {isa = PBXBuildFile; fileRef = A92B32E418AADE8D008B12D5 /* EditionViewController.m */; };
		A92B32E818AADE8D008B12D5 /* EditionViewController.xib in Resources */ = {isa = PBXBuildFile; fileRef = A92B32E518AADE8D008B12D5 /* EditionViewController.xib */; };
		A92B32E918AADE8D008B12D5 /* EditionViewController.xib in Resources */ = {isa = PBXBuildFile; fileRef = A92B32E518AADE8D008B12D5 /* EditionViewController.xib */; };
/* End PBXBuildFile section */

/* Begin PBXContainerItemProxy section */
		A92B32C318AAD3A9008B12D5 /* PBXContainerItemProxy */ = {
			isa = PBXContainerItemProxy;
			containerPortal = A92B329518AAD3A9008B12D5 /* Project object */;
			proxyType = 1;
			remoteGlobalIDString = A92B329C18AAD3A9008B12D5;
			remoteInfo = theotherhalf;
		};
/* End PBXContainerItemProxy section */

/* Begin PBXFileReference section */
		A92B329D18AAD3A9008B12D5 /* theotherhalf.app */ = {isa = PBXFileReference; explicitFileType = wrapper.application; includeInIndex = 0; path = theotherhalf.app; sourceTree = BUILT_PRODUCTS_DIR; };
		A92B32A018AAD3A9008B12D5 /* Foundation.framework */ = {isa = PBXFileReference; lastKnownFileType = wrapper.framework; name = Foundation.framework; path = System/Library/Frameworks/Foundation.framework; sourceTree = SDKROOT; };
		A92B32A218AAD3A9008B12D5 /* CoreGraphics.framework */ = {isa = PBXFileReference; lastKnownFileType = wrapper.framework; name = CoreGraphics.framework; path = System/Library/Frameworks/CoreGraphics.framework; sourceTree = SDKROOT; };
		A92B32A418AAD3A9008B12D5 /* UIKit.framework */ = {isa = PBXFileReference; lastKnownFileType = wrapper.framework; name = UIKit.framework; path = System/Library/Frameworks/UIKit.framework; sourceTree = SDKROOT; };
		A92B32A818AAD3A9008B12D5 /* theotherhalf-Info.plist */ = {isa = PBXFileReference; lastKnownFileType = text.plist.xml; path = "theotherhalf-Info.plist"; sourceTree = "<group>"; };
		A92B32AA18AAD3A9008B12D5 /* en */ = {isa = PBXFileReference; lastKnownFileType = text.plist.strings; name = en; path = en.lproj/InfoPlist.strings; sourceTree = "<group>"; };
		A92B32AC18AAD3A9008B12D5 /* main.m */ = {isa = PBXFileReference; lastKnownFileType = sourcecode.c.objc; path = main.m; sourceTree = "<group>"; };
		A92B32AE18AAD3A9008B12D5 /* theotherhalf-Prefix.pch */ = {isa = PBXFileReference; lastKnownFileType = sourcecode.c.h; path = "theotherhalf-Prefix.pch"; sourceTree = "<group>"; };
		A92B32AF18AAD3A9008B12D5 /* AppDelegate.h */ = {isa = PBXFileReference; lastKnownFileType = sourcecode.c.h; path = AppDelegate.h; sourceTree = "<group>"; };
		A92B32B018AAD3A9008B12D5 /* AppDelegate.m */ = {isa = PBXFileReference; lastKnownFileType = sourcecode.c.objc; path = AppDelegate.m; sourceTree = "<group>"; };
		A92B32B318AAD3A9008B12D5 /* Base */ = {isa = PBXFileReference; lastKnownFileType = file.storyboard; name = Base; path = Base.lproj/Main.storyboard; sourceTree = "<group>"; };
		A92B32B518AAD3A9008B12D5 /* ViewController.h */ = {isa = PBXFileReference; lastKnownFileType = sourcecode.c.h; path = ViewController.h; sourceTree = "<group>"; };
		A92B32B618AAD3A9008B12D5 /* ViewController.m */ = {isa = PBXFileReference; lastKnownFileType = sourcecode.c.objc; path = ViewController.m; sourceTree = "<group>"; };
		A92B32B818AAD3A9008B12D5 /* Images.xcassets */ = {isa = PBXFileReference; lastKnownFileType = folder.assetcatalog; path = Images.xcassets; sourceTree = "<group>"; };
		A92B32BE18AAD3A9008B12D5 /* theotherhalfTests.xctest */ = {isa = PBXFileReference; explicitFileType = wrapper.cfbundle; includeInIndex = 0; path = theotherhalfTests.xctest; sourceTree = BUILT_PRODUCTS_DIR; };
		A92B32BF18AAD3A9008B12D5 /* XCTest.framework */ = {isa = PBXFileReference; lastKnownFileType = wrapper.framework; name = XCTest.framework; path = Library/Frameworks/XCTest.framework; sourceTree = DEVELOPER_DIR; };
		A92B32C718AAD3A9008B12D5 /* theotherhalfTests-Info.plist */ = {isa = PBXFileReference; lastKnownFileType = text.plist.xml; path = "theotherhalfTests-Info.plist"; sourceTree = "<group>"; };
		A92B32C918AAD3A9008B12D5 /* en */ = {isa = PBXFileReference; lastKnownFileType = text.plist.strings; name = en; path = en.lproj/InfoPlist.strings; sourceTree = "<group>"; };
		A92B32CB18AAD3A9008B12D5 /* theotherhalfTests.m */ = {isa = PBXFileReference; lastKnownFileType = sourcecode.c.objc; path = theotherhalfTests.m; sourceTree = "<group>"; };
		A92B32D518AADCCF008B12D5 /* LanguageViewController.h */ = {isa = PBXFileReference; fileEncoding = 4; lastKnownFileType = sourcecode.c.h; path = LanguageViewController.h; sourceTree = "<group>"; };
		A92B32D618AADCCF008B12D5 /* LanguageViewController.m */ = {isa = PBXFileReference; fileEncoding = 4; lastKnownFileType = sourcecode.c.objc; path = LanguageViewController.m; sourceTree = "<group>"; };
		A92B32D718AADCCF008B12D5 /* LanguageViewController.xib */ = {isa = PBXFileReference; fileEncoding = 4; lastKnownFileType = file.xib; path = LanguageViewController.xib; sourceTree = "<group>"; };
		A92B32DC18AADE7E008B12D5 /* SharingViewController.h */ = {isa = PBXFileReference; fileEncoding = 4; lastKnownFileType = sourcecode.c.h; path = SharingViewController.h; sourceTree = "<group>"; };
		A92B32DD18AADE7E008B12D5 /* SharingViewController.m */ = {isa = PBXFileReference; fileEncoding = 4; lastKnownFileType = sourcecode.c.objc; path = SharingViewController.m; sourceTree = "<group>"; };
		A92B32DE18AADE7E008B12D5 /* SharingViewController.xib */ = {isa = PBXFileReference; fileEncoding = 4; lastKnownFileType = file.xib; path = SharingViewController.xib; sourceTree = "<group>"; };
		A92B32E318AADE8D008B12D5 /* EditionViewController.h */ = {isa = PBXFileReference; fileEncoding = 4; lastKnownFileType = sourcecode.c.h; path = EditionViewController.h; sourceTree = "<group>"; };
		A92B32E418AADE8D008B12D5 /* EditionViewController.m */ = {isa = PBXFileReference; fileEncoding = 4; lastKnownFileType = sourcecode.c.objc; path = EditionViewController.m; sourceTree = "<group>"; };
		A92B32E518AADE8D008B12D5 /* EditionViewController.xib */ = {isa = PBXFileReference; fileEncoding = 4; lastKnownFileType = file.xib; path = EditionViewController.xib; sourceTree = "<group>"; };
/* End PBXFileReference section */

/* Begin PBXFrameworksBuildPhase section */
		A92B329A18AAD3A9008B12D5 /* Frameworks */ = {
			isa = PBXFrameworksBuildPhase;
			buildActionMask = 2147483647;
			files = (
				A92B32A318AAD3A9008B12D5 /* CoreGraphics.framework in Frameworks */,
				A92B32A518AAD3A9008B12D5 /* UIKit.framework in Frameworks */,
				A92B32A118AAD3A9008B12D5 /* Foundation.framework in Frameworks */,
			);
			runOnlyForDeploymentPostprocessing = 0;
		};
		A92B32BB18AAD3A9008B12D5 /* Frameworks */ = {
			isa = PBXFrameworksBuildPhase;
			buildActionMask = 2147483647;
			files = (
				A92B32C018AAD3A9008B12D5 /* XCTest.framework in Frameworks */,
				A92B32C218AAD3A9008B12D5 /* UIKit.framework in Frameworks */,
				A92B32C118AAD3A9008B12D5 /* Foundation.framework in Frameworks */,
			);
			runOnlyForDeploymentPostprocessing = 0;
		};
/* End PBXFrameworksBuildPhase section */

/* Begin PBXGroup section */
		A92B329418AAD3A9008B12D5 = {
			isa = PBXGroup;
			children = (
				A92B32A618AAD3A9008B12D5 /* theotherhalf */,
				A92B32C518AAD3A9008B12D5 /* theotherhalfTests */,
				A92B329F18AAD3A9008B12D5 /* Frameworks */,
				A92B329E18AAD3A9008B12D5 /* Products */,
			);
			sourceTree = "<group>";
		};
		A92B329E18AAD3A9008B12D5 /* Products */ = {
			isa = PBXGroup;
			children = (
				A92B329D18AAD3A9008B12D5 /* theotherhalf.app */,
				A92B32BE18AAD3A9008B12D5 /* theotherhalfTests.xctest */,
			);
			name = Products;
			sourceTree = "<group>";
		};
		A92B329F18AAD3A9008B12D5 /* Frameworks */ = {
			isa = PBXGroup;
			children = (
				A92B32A018AAD3A9008B12D5 /* Foundation.framework */,
				A92B32A218AAD3A9008B12D5 /* CoreGraphics.framework */,
				A92B32A418AAD3A9008B12D5 /* UIKit.framework */,
				A92B32BF18AAD3A9008B12D5 /* XCTest.framework */,
			);
			name = Frameworks;
			sourceTree = "<group>";
		};
		A92B32A618AAD3A9008B12D5 /* theotherhalf */ = {
			isa = PBXGroup;
			children = (
				A92B32AF18AAD3A9008B12D5 /* AppDelegate.h */,
				A92B32B018AAD3A9008B12D5 /* AppDelegate.m */,
				A92B32B218AAD3A9008B12D5 /* Main.storyboard */,
				A92B32B518AAD3A9008B12D5 /* ViewController.h */,
				A92B32B618AAD3A9008B12D5 /* ViewController.m */,
				A92B32D518AADCCF008B12D5 /* LanguageViewController.h */,
				A92B32D618AADCCF008B12D5 /* LanguageViewController.m */,
				A92B32D718AADCCF008B12D5 /* LanguageViewController.xib */,
				A92B32E318AADE8D008B12D5 /* EditionViewController.h */,
				A92B32E418AADE8D008B12D5 /* EditionViewController.m */,
				A92B32E518AADE8D008B12D5 /* EditionViewController.xib */,
				A92B32DC18AADE7E008B12D5 /* SharingViewController.h */,
				A92B32DD18AADE7E008B12D5 /* SharingViewController.m */,
				A92B32DE18AADE7E008B12D5 /* SharingViewController.xib */,
				A92B32B818AAD3A9008B12D5 /* Images.xcassets */,
				A92B32A718AAD3A9008B12D5 /* Supporting Files */,
			);
			path = theotherhalf;
			sourceTree = "<group>";
		};
		A92B32A718AAD3A9008B12D5 /* Supporting Files */ = {
			isa = PBXGroup;
			children = (
				A92B32A818AAD3A9008B12D5 /* theotherhalf-Info.plist */,
				A92B32A918AAD3A9008B12D5 /* InfoPlist.strings */,
				A92B32AC18AAD3A9008B12D5 /* main.m */,
				A92B32AE18AAD3A9008B12D5 /* theotherhalf-Prefix.pch */,
			);
			name = "Supporting Files";
			sourceTree = "<group>";
		};
		A92B32C518AAD3A9008B12D5 /* theotherhalfTests */ = {
			isa = PBXGroup;
			children = (
				A92B32CB18AAD3A9008B12D5 /* theotherhalfTests.m */,
				A92B32C618AAD3A9008B12D5 /* Supporting Files */,
			);
			path = theotherhalfTests;
			sourceTree = "<group>";
		};
		A92B32C618AAD3A9008B12D5 /* Supporting Files */ = {
			isa = PBXGroup;
			children = (
				A92B32C718AAD3A9008B12D5 /* theotherhalfTests-Info.plist */,
				A92B32C818AAD3A9008B12D5 /* InfoPlist.strings */,
			);
			name = "Supporting Files";
			sourceTree = "<group>";
		};
/* End PBXGroup section */

/* Begin PBXNativeTarget section */
		A92B329C18AAD3A9008B12D5 /* theotherhalf */ = {
			isa = PBXNativeTarget;
			buildConfigurationList = A92B32CF18AAD3A9008B12D5 /* Build configuration list for PBXNativeTarget "theotherhalf" */;
			buildPhases = (
				A92B329918AAD3A9008B12D5 /* Sources */,
				A92B329A18AAD3A9008B12D5 /* Frameworks */,
				A92B329B18AAD3A9008B12D5 /* Resources */,
			);
			buildRules = (
			);
			dependencies = (
			);
			name = theotherhalf;
			productName = theotherhalf;
			productReference = A92B329D18AAD3A9008B12D5 /* theotherhalf.app */;
			productType = "com.apple.product-type.application";
		};
		A92B32BD18AAD3A9008B12D5 /* theotherhalfTests */ = {
			isa = PBXNativeTarget;
			buildConfigurationList = A92B32D218AAD3A9008B12D5 /* Build configuration list for PBXNativeTarget "theotherhalfTests" */;
			buildPhases = (
				A92B32BA18AAD3A9008B12D5 /* Sources */,
				A92B32BB18AAD3A9008B12D5 /* Frameworks */,
				A92B32BC18AAD3A9008B12D5 /* Resources */,
			);
			buildRules = (
			);
			dependencies = (
				A92B32C418AAD3A9008B12D5 /* PBXTargetDependency */,
			);
			name = theotherhalfTests;
			productName = theotherhalfTests;
			productReference = A92B32BE18AAD3A9008B12D5 /* theotherhalfTests.xctest */;
			productType = "com.apple.product-type.bundle.unit-test";
		};
/* End PBXNativeTarget section */

/* Begin PBXProject section */
		A92B329518AAD3A9008B12D5 /* Project object */ = {
			isa = PBXProject;
			attributes = {
				LastUpgradeCheck = 0500;
				ORGANIZATIONNAME = "The Other Half";
				TargetAttributes = {
					A92B32BD18AAD3A9008B12D5 = {
						TestTargetID = A92B329C18AAD3A9008B12D5;
					};
				};
			};
			buildConfigurationList = A92B329818AAD3A9008B12D5 /* Build configuration list for PBXProject "theotherhalf" */;
			compatibilityVersion = "Xcode 3.2";
			developmentRegion = English;
			hasScannedForEncodings = 0;
			knownRegions = (
				en,
				Base,
			);
			mainGroup = A92B329418AAD3A9008B12D5;
			productRefGroup = A92B329E18AAD3A9008B12D5 /* Products */;
			projectDirPath = "";
			projectRoot = "";
			targets = (
				A92B329C18AAD3A9008B12D5 /* theotherhalf */,
				A92B32BD18AAD3A9008B12D5 /* theotherhalfTests */,
			);
		};
/* End PBXProject section */

/* Begin PBXResourcesBuildPhase section */
		A92B329B18AAD3A9008B12D5 /* Resources */ = {
			isa = PBXResourcesBuildPhase;
			buildActionMask = 2147483647;
			files = (
				A92B32B918AAD3A9008B12D5 /* Images.xcassets in Resources */,
				A92B32AB18AAD3A9008B12D5 /* InfoPlist.strings in Resources */,
				A92B32DA18AADCCF008B12D5 /* LanguageViewController.xib in Resources */,
				A92B32E818AADE8D008B12D5 /* EditionViewController.xib in Resources */,
				A92B32E118AADE7E008B12D5 /* SharingViewController.xib in Resources */,
				A92B32B418AAD3A9008B12D5 /* Main.storyboard in Resources */,
			);
			runOnlyForDeploymentPostprocessing = 0;
		};
		A92B32BC18AAD3A9008B12D5 /* Resources */ = {
			isa = PBXResourcesBuildPhase;
			buildActionMask = 2147483647;
			files = (
				A92B32DB18AADCCF008B12D5 /* LanguageViewController.xib in Resources */,
				A92B32E918AADE8D008B12D5 /* EditionViewController.xib in Resources */,
				A92B32CA18AAD3A9008B12D5 /* InfoPlist.strings in Resources */,
				A92B32E218AADE7E008B12D5 /* SharingViewController.xib in Resources */,
			);
			runOnlyForDeploymentPostprocessing = 0;
		};
/* End PBXResourcesBuildPhase section */

/* Begin PBXSourcesBuildPhase section */
		A92B329918AAD3A9008B12D5 /* Sources */ = {
			isa = PBXSourcesBuildPhase;
			buildActionMask = 2147483647;
			files = (
				A92B32B718AAD3A9008B12D5 /* ViewController.m in Sources */,
				A92B32E618AADE8D008B12D5 /* EditionViewController.m in Sources */,
				A92B32B118AAD3A9008B12D5 /* AppDelegate.m in Sources */,
				A92B32DF18AADE7E008B12D5 /* SharingViewController.m in Sources */,
				A92B32D818AADCCF008B12D5 /* LanguageViewController.m in Sources */,
				A92B32AD18AAD3A9008B12D5 /* main.m in Sources */,
			);
			runOnlyForDeploymentPostprocessing = 0;
		};
		A92B32BA18AAD3A9008B12D5 /* Sources */ = {
			isa = PBXSourcesBuildPhase;
			buildActionMask = 2147483647;
			files = (
				A92B32D918AADCCF008B12D5 /* LanguageViewController.m in Sources */,
				A92B32E718AADE8D008B12D5 /* EditionViewController.m in Sources */,
				A92B32E018AADE7E008B12D5 /* SharingViewController.m in Sources */,
				A92B32CC18AAD3A9008B12D5 /* theotherhalfTests.m in Sources */,
			);
			runOnlyForDeploymentPostprocessing = 0;
		};
/* End PBXSourcesBuildPhase section */

/* Begin PBXTargetDependency section */
		A92B32C418AAD3A9008B12D5 /* PBXTargetDependency */ = {
			isa = PBXTargetDependency;
			target = A92B329C18AAD3A9008B12D5 /* theotherhalf */;
			targetProxy = A92B32C318AAD3A9008B12D5 /* PBXContainerItemProxy */;
		};
/* End PBXTargetDependency section */

/* Begin PBXVariantGroup section */
		A92B32A918AAD3A9008B12D5 /* InfoPlist.strings */ = {
			isa = PBXVariantGroup;
			children = (
				A92B32AA18AAD3A9008B12D5 /* en */,
			);
			name = InfoPlist.strings;
			sourceTree = "<group>";
		};
		A92B32B218AAD3A9008B12D5 /* Main.storyboard */ = {
			isa = PBXVariantGroup;
			children = (
				A92B32B318AAD3A9008B12D5 /* Base */,
			);
			name = Main.storyboard;
			sourceTree = "<group>";
		};
		A92B32C818AAD3A9008B12D5 /* InfoPlist.strings */ = {
			isa = PBXVariantGroup;
			children = (
				A92B32C918AAD3A9008B12D5 /* en */,
			);
			name = InfoPlist.strings;
			sourceTree = "<group>";
		};
/* End PBXVariantGroup section */

/* Begin XCBuildConfiguration section */
		A92B32CD18AAD3A9008B12D5 /* Debug */ = {
			isa = XCBuildConfiguration;
			buildSettings = {
				ALWAYS_SEARCH_USER_PATHS = NO;
				ARCHS = "$(ARCHS_STANDARD_INCLUDING_64_BIT)";
				CLANG_CXX_LANGUAGE_STANDARD = "gnu++0x";
				CLANG_CXX_LIBRARY = "libc++";
				CLANG_ENABLE_MODULES = YES;
				CLANG_ENABLE_OBJC_ARC = YES;
				CLANG_WARN_BOOL_CONVERSION = YES;
				CLANG_WARN_CONSTANT_CONVERSION = YES;
				CLANG_WARN_DIRECT_OBJC_ISA_USAGE = YES_ERROR;
				CLANG_WARN_EMPTY_BODY = YES;
				CLANG_WARN_ENUM_CONVERSION = YES;
				CLANG_WARN_INT_CONVERSION = YES;
				CLANG_WARN_OBJC_ROOT_CLASS = YES_ERROR;
				CLANG_WARN__DUPLICATE_METHOD_MATCH = YES;
				"CODE_SIGN_IDENTITY[sdk=iphoneos*]" = "iPhone Developer";
				COPY_PHASE_STRIP = NO;
				GCC_C_LANGUAGE_STANDARD = gnu99;
				GCC_DYNAMIC_NO_PIC = NO;
				GCC_OPTIMIZATION_LEVEL = 0;
				GCC_PREPROCESSOR_DEFINITIONS = (
					"DEBUG=1",
					"$(inherited)",
				);
				GCC_SYMBOLS_PRIVATE_EXTERN = NO;
				GCC_WARN_64_TO_32_BIT_CONVERSION = YES;
				GCC_WARN_ABOUT_RETURN_TYPE = YES_ERROR;
				GCC_WARN_UNDECLARED_SELECTOR = YES;
				GCC_WARN_UNINITIALIZED_AUTOS = YES;
				GCC_WARN_UNUSED_FUNCTION = YES;
				GCC_WARN_UNUSED_VARIABLE = YES;
				IPHONEOS_DEPLOYMENT_TARGET = 7.0;
				ONLY_ACTIVE_ARCH = YES;
				SDKROOT = iphoneos;
			};
			name = Debug;
		};
		A92B32CE18AAD3A9008B12D5 /* Release */ = {
			isa = XCBuildConfiguration;
			buildSettings = {
				ALWAYS_SEARCH_USER_PATHS = NO;
				ARCHS = "$(ARCHS_STANDARD_INCLUDING_64_BIT)";
				CLANG_CXX_LANGUAGE_STANDARD = "gnu++0x";
				CLANG_CXX_LIBRARY = "libc++";
				CLANG_ENABLE_MODULES = YES;
				CLANG_ENABLE_OBJC_ARC = YES;
				CLANG_WARN_BOOL_CONVERSION = YES;
				CLANG_WARN_CONSTANT_CONVERSION = YES;
				CLANG_WARN_DIRECT_OBJC_ISA_USAGE = YES_ERROR;
				CLANG_WARN_EMPTY_BODY = YES;
				CLANG_WARN_ENUM_CONVERSION = YES;
				CLANG_WARN_INT_CONVERSION = YES;
				CLANG_WARN_OBJC_ROOT_CLASS = YES_ERROR;
				CLANG_WARN__DUPLICATE_METHOD_MATCH = YES;
				"CODE_SIGN_IDENTITY[sdk=iphoneos*]" = "iPhone Developer";
				COPY_PHASE_STRIP = YES;
				ENABLE_NS_ASSERTIONS = NO;
				GCC_C_LANGUAGE_STANDARD = gnu99;
				GCC_WARN_64_TO_32_BIT_CONVERSION = YES;
				GCC_WARN_ABOUT_RETURN_TYPE = YES_ERROR;
				GCC_WARN_UNDECLARED_SELECTOR = YES;
				GCC_WARN_UNINITIALIZED_AUTOS = YES;
				GCC_WARN_UNUSED_FUNCTION = YES;
				GCC_WARN_UNUSED_VARIABLE = YES;
				IPHONEOS_DEPLOYMENT_TARGET = 7.0;
				SDKROOT = iphoneos;
				VALIDATE_PRODUCT = YES;
			};
			name = Release;
		};
		A92B32D018AAD3A9008B12D5 /* Debug */ = {
			isa = XCBuildConfiguration;
			buildSettings = {
				ASSETCATALOG_COMPILER_APPICON_NAME = AppIcon;
				ASSETCATALOG_COMPILER_LAUNCHIMAGE_NAME = LaunchImage;
				GCC_PRECOMPILE_PREFIX_HEADER = YES;
				GCC_PREFIX_HEADER = "theotherhalf/theotherhalf-Prefix.pch";
				INFOPLIST_FILE = "theotherhalf/theotherhalf-Info.plist";
				PRODUCT_NAME = "$(TARGET_NAME)";
				WRAPPER_EXTENSION = app;
			};
			name = Debug;
		};
		A92B32D118AAD3A9008B12D5 /* Release */ = {
			isa = XCBuildConfiguration;
			buildSettings = {
				ASSETCATALOG_COMPILER_APPICON_NAME = AppIcon;
				ASSETCATALOG_COMPILER_LAUNCHIMAGE_NAME = LaunchImage;
				GCC_PRECOMPILE_PREFIX_HEADER = YES;
				GCC_PREFIX_HEADER = "theotherhalf/theotherhalf-Prefix.pch";
				INFOPLIST_FILE = "theotherhalf/theotherhalf-Info.plist";
				PRODUCT_NAME = "$(TARGET_NAME)";
				WRAPPER_EXTENSION = app;
			};
			name = Release;
		};
		A92B32D318AAD3A9008B12D5 /* Debug */ = {
			isa = XCBuildConfiguration;
			buildSettings = {
				ARCHS = "$(ARCHS_STANDARD_INCLUDING_64_BIT)";
				BUNDLE_LOADER = "$(BUILT_PRODUCTS_DIR)/theotherhalf.app/theotherhalf";
				FRAMEWORK_SEARCH_PATHS = (
					"$(SDKROOT)/Developer/Library/Frameworks",
					"$(inherited)",
					"$(DEVELOPER_FRAMEWORKS_DIR)",
				);
				GCC_PRECOMPILE_PREFIX_HEADER = YES;
				GCC_PREFIX_HEADER = "theotherhalf/theotherhalf-Prefix.pch";
				GCC_PREPROCESSOR_DEFINITIONS = (
					"DEBUG=1",
					"$(inherited)",
				);
				INFOPLIST_FILE = "theotherhalfTests/theotherhalfTests-Info.plist";
				PRODUCT_NAME = "$(TARGET_NAME)";
				TEST_HOST = "$(BUNDLE_LOADER)";
				WRAPPER_EXTENSION = xctest;
			};
			name = Debug;
		};
		A92B32D418AAD3A9008B12D5 /* Release */ = {
			isa = XCBuildConfiguration;
			buildSettings = {
				ARCHS = "$(ARCHS_STANDARD_INCLUDING_64_BIT)";
				BUNDLE_LOADER = "$(BUILT_PRODUCTS_DIR)/theotherhalf.app/theotherhalf";
				FRAMEWORK_SEARCH_PATHS = (
					"$(SDKROOT)/Developer/Library/Frameworks",
					"$(inherited)",
					"$(DEVELOPER_FRAMEWORKS_DIR)",
				);
				GCC_PRECOMPILE_PREFIX_HEADER = YES;
				GCC_PREFIX_HEADER = "theotherhalf/theotherhalf-Prefix.pch";
				INFOPLIST_FILE = "theotherhalfTests/theotherhalfTests-Info.plist";
				PRODUCT_NAME = "$(TARGET_NAME)";
				TEST_HOST = "$(BUNDLE_LOADER)";
				WRAPPER_EXTENSION = xctest;
			};
			name = Release;
		};
/* End XCBuildConfiguration section */

/* Begin XCConfigurationList section */
		A92B329818AAD3A9008B12D5 /* Build configuration list for PBXProject "theotherhalf" */ = {
			isa = XCConfigurationList;
			buildConfigurations = (
				A92B32CD18AAD3A9008B12D5 /* Debug */,
				A92B32CE18AAD3A9008B12D5 /* Release */,
			);
			defaultConfigurationIsVisible = 0;
			defaultConfigurationName = Release;
		};
		A92B32CF18AAD3A9008B12D5 /* Build configuration list for PBXNativeTarget "theotherhalf" */ = {
			isa = XCConfigurationList;
			buildConfigurations = (
				A92B32D018AAD3A9008B12D5 /* Debug */,
				A92B32D118AAD3A9008B12D5 /* Release */,
			);
			defaultConfigurationIsVisible = 0;
			defaultConfigurationName = Release;
		};
		A92B32D218AAD3A9008B12D5 /* Build configuration list for PBXNativeTarget "theotherhalfTests" */ = {
			isa = XCConfigurationList;
			buildConfigurations = (
				A92B32D318AAD3A9008B12D5 /* Debug */,
				A92B32D418AAD3A9008B12D5 /* Release */,
			);
			defaultConfigurationIsVisible = 0;
			defaultConfigurationName = Release;
		};
/* End XCConfigurationList section */
	};
	rootObject = A92B329518AAD3A9008B12D5 /* Project object */;
}
